
Microsoft Visual Studio Solution File, Format Version 12.00
# Visual Studio Version 17
VisualStudioVersion = 17.11.35303.130
MinimumVisualStudioVersion = 10.0.40219.1
Project("{FAE04EC0-301F-11D3-BF4B-00C04F79EFBC}") = "FileProperties", "FileProperties\FileProperties.csproj", "{41D0CB98-3F90-4910-9032-BF893934E5A3}"
EndProject
Global
	GlobalSection(SolutionConfigurationPlatforms) = preSolution
		Debug|Any CPU = Debug|Any CPU
		Release|Any CPU = Release|Any CPU
	EndGlobalSection
	GlobalSection(ProjectConfigurationPlatforms) = postSolution
		{41D0CB98-3F90-4910-9032-BF893934E5A3}.Debug|Any CPU.ActiveCfg = Debug|Any CPU
		{41D0CB98-3F90-4910-9032-BF893934E5A3}.Debug|Any CPU.Build.0 = Debug|Any CPU
		{41D0CB98-3F90-4910-9032-BF893934E5A3}.Release|Any CPU.ActiveCfg = Release|Any CPU
		{41D0CB98-3F90-4910-9032-BF893934E5A3}.Release|Any CPU.Build.0 = Release|Any CPU
	EndGlobalSection
	GlobalSection(SolutionProperties) = preSolution
		HideSolutionNode = FALSE
	EndGlobalSection
	GlobalSection(ExtensibilityGlobals) = postSolution
		SolutionGuid = {1A5EC960-2BA7-4CA6-BF35-FBA39FD70DD1}
	EndGlobalSection
EndGlobal
